
Microsoft Visual Studio Solution File, Format Version 12.00
# Visual Studio Version 16
VisualStudioVersion = 16.0.31729.503
MinimumVisualStudioVersion = 10.0.40219.1
Project("{9A19103F-16F7-4668-BE54-9A1E7A4F7556}") = "AdoNetBasics", "AdoNetBasics\AdoNetBasics.csproj", "{0406C986-D086-4DB2-A9E0-0C09AF9819A4}"
EndProject
Project("{9A19103F-16F7-4668-BE54-9A1E7A4F7556}") = "ExecuteScalarPractice", "ExecuteScalarPractice\ExecuteScalarPractice.csproj", "{AC1499D7-6A6F-4EEE-A33A-821DB348BEB1}"
EndProject
Project("{9A19103F-16F7-4668-BE54-9A1E7A4F7556}") = "AdoNetDataReader", "AdoNetDataReader\AdoNetDataReader.csproj", "{EF7882F0-EF22-417C-AE34-09ED8284CCEB}"
EndProject
Project("{9A19103F-16F7-4668-BE54-9A1E7A4F7556}") = "ExecuteReaderPractice", "ExecuteReaderPractice\ExecuteReaderPractice.csproj", "{05B7E0EC-483E-4A7B-99C6-A96948608A50}"
EndProject
Project("{FAE04EC0-301F-11D3-BF4B-00C04F79EFBC}") = "NonQuery", "NonQuery\NonQuery.csproj", "{49E8E2A7-5E4A-45D2-9798-800167958CCF}"
EndProject
Global
	GlobalSection(SolutionConfigurationPlatforms) = preSolution
		Debug|Any CPU = Debug|Any CPU
		Release|Any CPU = Release|Any CPU
	EndGlobalSection
	GlobalSection(ProjectConfigurationPlatforms) = postSolution
		{0406C986-D086-4DB2-A9E0-0C09AF9819A4}.Debug|Any CPU.ActiveCfg = Debug|Any CPU
		{0406C986-D086-4DB2-A9E0-0C09AF9819A4}.Debug|Any CPU.Build.0 = Debug|Any CPU
		{0406C986-D086-4DB2-A9E0-0C09AF9819A4}.Release|Any CPU.ActiveCfg = Release|Any CPU
		{0406C986-D086-4DB2-A9E0-0C09AF9819A4}.Release|Any CPU.Build.0 = Release|Any CPU
		{AC1499D7-6A6F-4EEE-A33A-821DB348BEB1}.Debug|Any CPU.ActiveCfg = Debug|Any CPU
		{AC1499D7-6A6F-4EEE-A33A-821DB348BEB1}.Debug|Any CPU.Build.0 = Debug|Any CPU
		{AC1499D7-6A6F-4EEE-A33A-821DB348BEB1}.Release|Any CPU.ActiveCfg = Release|Any CPU
		{AC1499D7-6A6F-4EEE-A33A-821DB348BEB1}.Release|Any CPU.Build.0 = Release|Any CPU
		{EF7882F0-EF22-417C-AE34-09ED8284CCEB}.Debug|Any CPU.ActiveCfg = Debug|Any CPU
		{EF7882F0-EF22-417C-AE34-09ED8284CCEB}.Debug|Any CPU.Build.0 = Debug|Any CPU
		{EF7882F0-EF22-417C-AE34-09ED8284CCEB}.Release|Any CPU.ActiveCfg = Release|Any CPU
		{EF7882F0-EF22-417C-AE34-09ED8284CCEB}.Release|Any CPU.Build.0 = Release|Any CPU
		{05B7E0EC-483E-4A7B-99C6-A96948608A50}.Debug|Any CPU.ActiveCfg = Debug|Any CPU
		{05B7E0EC-483E-4A7B-99C6-A96948608A50}.Debug|Any CPU.Build.0 = Debug|Any CPU
		{05B7E0EC-483E-4A7B-99C6-A96948608A50}.Release|Any CPU.ActiveCfg = Release|Any CPU
		{05B7E0EC-483E-4A7B-99C6-A96948608A50}.Release|Any CPU.Build.0 = Release|Any CPU
		{49E8E2A7-5E4A-45D2-9798-800167958CCF}.Debug|Any CPU.ActiveCfg = Debug|Any CPU
		{49E8E2A7-5E4A-45D2-9798-800167958CCF}.Debug|Any CPU.Build.0 = Debug|Any CPU
		{49E8E2A7-5E4A-45D2-9798-800167958CCF}.Release|Any CPU.ActiveCfg = Release|Any CPU
		{49E8E2A7-5E4A-45D2-9798-800167958CCF}.Release|Any CPU.Build.0 = Release|Any CPU
	EndGlobalSection
	GlobalSection(SolutionProperties) = preSolution
		HideSolutionNode = FALSE
	EndGlobalSection
	GlobalSection(ExtensibilityGlobals) = postSolution
		SolutionGuid = {A264D3C5-ED23-42BD-9BA1-D127EF7DA8BD}
	EndGlobalSection
EndGlobal
